// !$*UTF8*$!
{
	archiveVersion = 1;
	classes = {
	};
	objectVersion = 46;
	objects = {

/* Begin PBXBuildFile section */
		1C3C3FBA1C5C0C0000020999 /* photo.png in Resources */ = {isa = PBXBuildFile; fileRef = 1C3C3FB91C5C0C0000020999 /* photo.png */; };
		1C509E711C5BFCE60010FD4B /* main.m in Sources */ = {isa = PBXBuildFile; fileRef = 1C509E701C5BFCE60010FD4B /* main.m */; };
		1C509E741C5BFCE60010FD4B /* AppDelegate.m in Sources */ = {isa = PBXBuildFile; fileRef = 1C509E731C5BFCE60010FD4B /* AppDelegate.m */; };
		1C509E771C5BFCE60010FD4B /* ViewController.m in Sources */ = {isa = PBXBuildFile; fileRef = 1C509E761C5BFCE60010FD4B /* ViewController.m */; };
		1C509E7A1C5BFCE60010FD4B /* Main.storyboard in Resources */ = {isa = PBXBuildFile; fileRef = 1C509E781C5BFCE60010FD4B /* Main.storyboard */; };
		1C509E7C1C5BFCE60010FD4B /* Assets.xcassets in Resources */ = {isa = PBXBuildFile; fileRef = 1C509E7B1C5BFCE60010FD4B /* Assets.xcassets */; };
		1C509E7F1C5BFCE60010FD4B /* LaunchScreen.storyboard in Resources */ = {isa = PBXBuildFile; fileRef = 1C509E7D1C5BFCE60010FD4B /* LaunchScreen.storyboard */; };
		1C509E8A1C5BFCE60010FD4B /* Pie_Chart_AvatarTests.m in Sources */ = {isa = PBXBuildFile; fileRef = 1C509E891C5BFCE60010FD4B /* Pie_Chart_AvatarTests.m */; };
		1C509E951C5BFCE60010FD4B /* Pie_Chart_AvatarUITests.m in Sources */ = {isa = PBXBuildFile; fileRef = 1C509E941C5BFCE60010FD4B /* Pie_Chart_AvatarUITests.m */; };
		1C509EA41C5BFCFE0010FD4B /* AvatarView.m in Sources */ = {isa = PBXBuildFile; fileRef = 1C509EA31C5BFCFE0010FD4B /* AvatarView.m */; };
/* End PBXBuildFile section */

/* Begin PBXContainerItemProxy section */
		1C509E861C5BFCE60010FD4B /* PBXContainerItemProxy */ = {
			isa = PBXContainerItemProxy;
			containerPortal = 1C509E641C5BFCE60010FD4B /* Project object */;
			proxyType = 1;
			remoteGlobalIDString = 1C509E6B1C5BFCE60010FD4B;
			remoteInfo = "Pie Chart Avatar";
		};
		1C509E911C5BFCE60010FD4B /* PBXContainerItemProxy */ = {
			isa = PBXContainerItemProxy;
			containerPortal = 1C509E641C5BFCE60010FD4B /* Project object */;
			proxyType = 1;
			remoteGlobalIDString = 1C509E6B1C5BFCE60010FD4B;
			remoteInfo = "Pie Chart Avatar";
		};
/* End PBXContainerItemProxy section */

/* Begin PBXFileReference section */
		1C3C3FB91C5C0C0000020999 /* photo.png */ = {isa = PBXFileReference; lastKnownFileType = image.png; path = photo.png; sourceTree = "<group>"; };
		1C509E6C1C5BFCE60010FD4B /* Pie Chart Avatar.app */ = {isa = PBXFileReference; explicitFileType = wrapper.application; includeInIndex = 0; path = "Pie Chart Avatar.app"; sourceTree = BUILT_PRODUCTS_DIR; };
		1C509E701C5BFCE60010FD4B /* main.m */ = {isa = PBXFileReference; lastKnownFileType = sourcecode.c.objc; path = main.m; sourceTree = "<group>"; };
		1C509E721C5BFCE60010FD4B /* AppDelegate.h */ = {isa = PBXFileReference; lastKnownFileType = sourcecode.c.h; path = AppDelegate.h; sourceTree = "<group>"; };
		1C509E731C5BFCE60010FD4B /* AppDelegate.m */ = {isa = PBXFileReference; lastKnownFileType = sourcecode.c.objc; path = AppDelegate.m; sourceTree = "<group>"; };
		1C509E751C5BFCE60010FD4B /* ViewController.h */ = {isa = PBXFileReference; lastKnownFileType = sourcecode.c.h; path = ViewController.h; sourceTree = "<group>"; };
		1C509E761C5BFCE60010FD4B /* ViewController.m */ = {isa = PBXFileReference; lastKnownFileType = sourcecode.c.objc; path = ViewController.m; sourceTree = "<group>"; };
		1C509E791C5BFCE60010FD4B /* Base */ = {isa = PBXFileReference; lastKnownFileType = file.storyboard; name = Base; path = Base.lproj/Main.storyboard; sourceTree = "<group>"; };
		1C509E7B1C5BFCE60010FD4B /* Assets.xcassets */ = {isa = PBXFileReference; lastKnownFileType = folder.assetcatalog; path = Assets.xcassets; sourceTree = "<group>"; };
		1C509E7E1C5BFCE60010FD4B /* Base */ = {isa = PBXFileReference; lastKnownFileType = file.storyboard; name = Base; path = Base.lproj/LaunchScreen.storyboard; sourceTree = "<group>"; };
		1C509E801C5BFCE60010FD4B /* Info.plist */ = {isa = PBXFileReference; lastKnownFileType = text.plist.xml; path = Info.plist; sourceTree = "<group>"; };
		1C509E851C5BFCE60010FD4B /* Pie Chart AvatarTests.xctest */ = {isa = PBXFileReference; explicitFileType = wrapper.cfbundle; includeInIndex = 0; path = "Pie Chart AvatarTests.xctest"; sourceTree = BUILT_PRODUCTS_DIR; };
		1C509E891C5BFCE60010FD4B /* Pie_Chart_AvatarTests.m */ = {isa = PBXFileReference; lastKnownFileType = sourcecode.c.objc; path = Pie_Chart_AvatarTests.m; sourceTree = "<group>"; };
		1C509E8B1C5BFCE60010FD4B /* Info.plist */ = {isa = PBXFileReference; lastKnownFileType = text.plist.xml; path = Info.plist; sourceTree = "<group>"; };
		1C509E901C5BFCE60010FD4B /* Pie Chart AvatarUITests.xctest */ = {isa = PBXFileReference; explicitFileType = wrapper.cfbundle; includeInIndex = 0; path = "Pie Chart AvatarUITests.xctest"; sourceTree = BUILT_PRODUCTS_DIR; };
		1C509E941C5BFCE60010FD4B /* Pie_Chart_AvatarUITests.m */ = {isa = PBXFileReference; lastKnownFileType = sourcecode.c.objc; path = Pie_Chart_AvatarUITests.m; sourceTree = "<group>"; };
		1C509E961C5BFCE60010FD4B /* Info.plist */ = {isa = PBXFileReference; lastKnownFileType = text.plist.xml; path = Info.plist; sourceTree = "<group>"; };
		1C509EA21C5BFCFE0010FD4B /* AvatarView.h */ = {isa = PBXFileReference; fileEncoding = 4; lastKnownFileType = sourcecode.c.h; path = AvatarView.h; sourceTree = "<group>"; };
		1C509EA31C5BFCFE0010FD4B /* AvatarView.m */ = {isa = PBXFileReference; fileEncoding = 4; lastKnownFileType = sourcecode.c.objc; path = AvatarView.m; sourceTree = "<group>"; };
/* End PBXFileReference section */

/* Begin PBXFrameworksBuildPhase section */
		1C509E691C5BFCE60010FD4B /* Frameworks */ = {
			isa = PBXFrameworksBuildPhase;
			buildActionMask = 2147483647;
			files = (
			);
			runOnlyForDeploymentPostprocessing = 0;
		};
		1C509E821C5BFCE60010FD4B /* Frameworks */ = {
			isa = PBXFrameworksBuildPhase;
			buildActionMask = 2147483647;
			files = (
			);
			runOnlyForDeploymentPostprocessing = 0;
		};
		1C509E8D1C5BFCE60010FD4B /* Frameworks */ = {
			isa = PBXFrameworksBuildPhase;
			buildActionMask = 2147483647;
			files = (
			);
			runOnlyForDeploymentPostprocessing = 0;
		};
/* End PBXFrameworksBuildPhase section */

/* Begin PBXGroup section */
		1C509E631C5BFCE60010FD4B = {
			isa = PBXGroup;
			children = (
				1C509E6E1C5BFCE60010FD4B /* Pie Chart Avatar */,
				1C509E881C5BFCE60010FD4B /* Pie Chart AvatarTests */,
				1C509E931C5BFCE60010FD4B /* Pie Chart AvatarUITests */,
				1C509E6D1C5BFCE60010FD4B /* Products */,
			);
			sourceTree = "<group>";
		};
		1C509E6D1C5BFCE60010FD4B /* Products */ = {
			isa = PBXGroup;
			children = (
				1C509E6C1C5BFCE60010FD4B /* Pie Chart Avatar.app */,
				1C509E851C5BFCE60010FD4B /* Pie Chart AvatarTests.xctest */,
				1C509E901C5BFCE60010FD4B /* Pie Chart AvatarUITests.xctest */,
			);
			name = Products;
			sourceTree = "<group>";
		};
		1C509E6E1C5BFCE60010FD4B /* Pie Chart Avatar */ = {
			isa = PBXGroup;
			children = (
				1C509E721C5BFCE60010FD4B /* AppDelegate.h */,
				1C509E731C5BFCE60010FD4B /* AppDelegate.m */,
				1C509E751C5BFCE60010FD4B /* ViewController.h */,
				1C509E761C5BFCE60010FD4B /* ViewController.m */,
				1C509EA21C5BFCFE0010FD4B /* AvatarView.h */,
				1C509EA31C5BFCFE0010FD4B /* AvatarView.m */,
				1C509E781C5BFCE60010FD4B /* Main.storyboard */,
				1C3C3FB91C5C0C0000020999 /* photo.png */,
				1C509E7B1C5BFCE60010FD4B /* Assets.xcassets */,
				1C509E7D1C5BFCE60010FD4B /* LaunchScreen.storyboard */,
				1C509E801C5BFCE60010FD4B /* Info.plist */,
				1C509E6F1C5BFCE60010FD4B /* Supporting Files */,
			);
			path = "Pie Chart Avatar";
			sourceTree = "<group>";
		};
		1C509E6F1C5BFCE60010FD4B /* Supporting Files */ = {
			isa = PBXGroup;
			children = (
				1C509E701C5BFCE60010FD4B /* main.m */,
			);
			name = "Supporting Files";
			sourceTree = "<group>";
		};
		1C509E881C5BFCE60010FD4B /* Pie Chart AvatarTests */ = {
			isa = PBXGroup;
			children = (
				1C509E891C5BFCE60010FD4B /* Pie_Chart_AvatarTests.m */,
				1C509E8B1C5BFCE60010FD4B /* Info.plist */,
			);
			path = "Pie Chart AvatarTests";
			sourceTree = "<group>";
		};
		1C509E931C5BFCE60010FD4B /* Pie Chart AvatarUITests */ = {
			isa = PBXGroup;
			children = (
				1C509E941C5BFCE60010FD4B /* Pie_Chart_AvatarUITests.m */,
				1C509E961C5BFCE60010FD4B /* Info.plist */,
			);
			path = "Pie Chart AvatarUITests";
			sourceTree = "<group>";
		};
/* End PBXGroup section */

/* Begin PBXNativeTarget section */
		1C509E6B1C5BFCE60010FD4B /* Pie Chart Avatar */ = {
			isa = PBXNativeTarget;
			buildConfigurationList = 1C509E991C5BFCE60010FD4B /* Build configuration list for PBXNativeTarget "Pie Chart Avatar" */;
			buildPhases = (
				1C509E681C5BFCE60010FD4B /* Sources */,
				1C509E691C5BFCE60010FD4B /* Frameworks */,
				1C509E6A1C5BFCE60010FD4B /* Resources */,
			);
			buildRules = (
			);
			dependencies = (
			);
			name = "Pie Chart Avatar";
			productName = "Pie Chart Avatar";
			productReference = 1C509E6C1C5BFCE60010FD4B /* Pie Chart Avatar.app */;
			productType = "com.apple.product-type.application";
		};
		1C509E841C5BFCE60010FD4B /* Pie Chart AvatarTests */ = {
			isa = PBXNativeTarget;
			buildConfigurationList = 1C509E9C1C5BFCE60010FD4B /* Build configuration list for PBXNativeTarget "Pie Chart AvatarTests" */;
			buildPhases = (
				1C509E811C5BFCE60010FD4B /* Sources */,
				1C509E821C5BFCE60010FD4B /* Frameworks */,
				1C509E831C5BFCE60010FD4B /* Resources */,
			);
			buildRules = (
			);
			dependencies = (
				1C509E871C5BFCE60010FD4B /* PBXTargetDependency */,
			);
			name = "Pie Chart AvatarTests";
			productName = "Pie Chart AvatarTests";
			productReference = 1C509E851C5BFCE60010FD4B /* Pie Chart AvatarTests.xctest */;
			productType = "com.apple.product-type.bundle.unit-test";
		};
		1C509E8F1C5BFCE60010FD4B /* Pie Chart AvatarUITests */ = {
			isa = PBXNativeTarget;
			buildConfigurationList = 1C509E9F1C5BFCE60010FD4B /* Build configuration list for PBXNativeTarget "Pie Chart AvatarUITests" */;
			buildPhases = (
				1C509E8C1C5BFCE60010FD4B /* Sources */,
				1C509E8D1C5BFCE60010FD4B /* Frameworks */,
				1C509E8E1C5BFCE60010FD4B /* Resources */,
			);
			buildRules = (
			);
			dependencies = (
				1C509E921C5BFCE60010FD4B /* PBXTargetDependency */,
			);
			name = "Pie Chart AvatarUITests";
			productName = "Pie Chart AvatarUITests";
			productReference = 1C509E901C5BFCE60010FD4B /* Pie Chart AvatarUITests.xctest */;
			productType = "com.apple.product-type.bundle.ui-testing";
		};
/* End PBXNativeTarget section */

/* Begin PBXProject section */
		1C509E641C5BFCE60010FD4B /* Project object */ = {
			isa = PBXProject;
			attributes = {
				LastUpgradeCheck = 0730;
				ORGANIZATIONNAME = "Redonkulous Apps";
				TargetAttributes = {
					1C509E6B1C5BFCE60010FD4B = {
						CreatedOnToolsVersion = 7.3;
					};
					1C509E841C5BFCE60010FD4B = {
						CreatedOnToolsVersion = 7.3;
						TestTargetID = 1C509E6B1C5BFCE60010FD4B;
					};
					1C509E8F1C5BFCE60010FD4B = {
						CreatedOnToolsVersion = 7.3;
						TestTargetID = 1C509E6B1C5BFCE60010FD4B;
					};
				};
			};
			buildConfigurationList = 1C509E671C5BFCE60010FD4B /* Build configuration list for PBXProject "Pie Chart Avatar" */;
			compatibilityVersion = "Xcode 3.2";
			developmentRegion = English;
			hasScannedForEncodings = 0;
			knownRegions = (
				en,
				Base,
			);
			mainGroup = 1C509E631C5BFCE60010FD4B;
			productRefGroup = 1C509E6D1C5BFCE60010FD4B /* Products */;
			projectDirPath = "";
			projectRoot = "";
			targets = (
				1C509E6B1C5BFCE60010FD4B /* Pie Chart Avatar */,
				1C509E841C5BFCE60010FD4B /* Pie Chart AvatarTests */,
				1C509E8F1C5BFCE60010FD4B /* Pie Chart AvatarUITests */,
			);
		};
/* End PBXProject section */

/* Begin PBXResourcesBuildPhase section */
		1C509E6A1C5BFCE60010FD4B /* Resources */ = {
			isa = PBXResourcesBuildPhase;
			buildActionMask = 2147483647;
			files = (
				1C509E7F1C5BFCE60010FD4B /* LaunchScreen.storyboard in Resources */,
				1C509E7C1C5BFCE60010FD4B /* Assets.xcassets in Resources */,
				1C3C3FBA1C5C0C0000020999 /* photo.png in Resources */,
				1C509E7A1C5BFCE60010FD4B /* Main.storyboard in Resources */,
			);
			runOnlyForDeploymentPostprocessing = 0;
		};
		1C509E831C5BFCE60010FD4B /* Resources */ = {
			isa = PBXResourcesBuildPhase;
			buildActionMask = 2147483647;
			files = (
			);
			runOnlyForDeploymentPostprocessing = 0;
		};
		1C509E8E1C5BFCE60010FD4B /* Resources */ = {
			isa = PBXResourcesBuildPhase;
			buildActionMask = 2147483647;
			files = (
			);
			runOnlyForDeploymentPostprocessing = 0;
		};
/* End PBXResourcesBuildPhase section */

/* Begin PBXSourcesBuildPhase section */
		1C509E681C5BFCE60010FD4B /* Sources */ = {
			isa = PBXSourcesBuildPhase;
			buildActionMask = 2147483647;
			files = (
				1C509E771C5BFCE60010FD4B /* ViewController.m in Sources */,
				1C509EA41C5BFCFE0010FD4B /* AvatarView.m in Sources */,
				1C509E741C5BFCE60010FD4B /* AppDelegate.m in Sources */,
				1C509E711C5BFCE60010FD4B /* main.m in Sources */,
			);
			runOnlyForDeploymentPostprocessing = 0;
		};
		1C509E811C5BFCE60010FD4B /* Sources */ = {
			isa = PBXSourcesBuildPhase;
			buildActionMask = 2147483647;
			files = (
				1C509E8A1C5BFCE60010FD4B /* Pie_Chart_AvatarTests.m in Sources */,
			);
			runOnlyForDeploymentPostprocessing = 0;
		};
		1C509E8C1C5BFCE60010FD4B /* Sources */ = {
			isa = PBXSourcesBuildPhase;
			buildActionMask = 2147483647;
			files = (
				1C509E951C5BFCE60010FD4B /* Pie_Chart_AvatarUITests.m in Sources */,
			);
			runOnlyForDeploymentPostprocessing = 0;
		};
/* End PBXSourcesBuildPhase section */

/* Begin PBXTargetDependency section */
		1C509E871C5BFCE60010FD4B /* PBXTargetDependency */ = {
			isa = PBXTargetDependency;
			target = 1C509E6B1C5BFCE60010FD4B /* Pie Chart Avatar */;
			targetProxy = 1C509E861C5BFCE60010FD4B /* PBXContainerItemProxy */;
		};
		1C509E921C5BFCE60010FD4B /* PBXTargetDependency */ = {
			isa = PBXTargetDependency;
			target = 1C509E6B1C5BFCE60010FD4B /* Pie Chart Avatar */;
			targetProxy = 1C509E911C5BFCE60010FD4B /* PBXContainerItemProxy */;
		};
/* End PBXTargetDependency section */

/* Begin PBXVariantGroup section */
		1C509E781C5BFCE60010FD4B /* Main.storyboard */ = {
			isa = PBXVariantGroup;
			children = (
				1C509E791C5BFCE60010FD4B /* Base */,
			);
			name = Main.storyboard;
			sourceTree = "<group>";
		};
		1C509E7D1C5BFCE60010FD4B /* LaunchScreen.storyboard */ = {
			isa = PBXVariantGroup;
			children = (
				1C509E7E1C5BFCE60010FD4B /* Base */,
			);
			name = LaunchScreen.storyboard;
			sourceTree = "<group>";
		};
/* End PBXVariantGroup section */

/* Begin XCBuildConfiguration section */
		1C509E971C5BFCE60010FD4B /* Debug */ = {
			isa = XCBuildConfiguration;
			buildSettings = {
				ALWAYS_SEARCH_USER_PATHS = NO;
				CLANG_CXX_LANGUAGE_STANDARD = "gnu++0x";
				CLANG_CXX_LIBRARY = "libc++";
				CLANG_ENABLE_MODULES = YES;
				CLANG_ENABLE_OBJC_ARC = YES;
				CLANG_WARN_BOOL_CONVERSION = YES;
				CLANG_WARN_CONSTANT_CONVERSION = YES;
				CLANG_WARN_DIRECT_OBJC_ISA_USAGE = YES_ERROR;
				CLANG_WARN_EMPTY_BODY = YES;
				CLANG_WARN_ENUM_CONVERSION = YES;
				CLANG_WARN_INT_CONVERSION = YES;
				CLANG_WARN_OBJC_ROOT_CLASS = YES_ERROR;
				CLANG_WARN_UNREACHABLE_CODE = YES;
				CLANG_WARN__DUPLICATE_METHOD_MATCH = YES;
				"CODE_SIGN_IDENTITY[sdk=iphoneos*]" = "iPhone Developer";
				COPY_PHASE_STRIP = NO;
				DEBUG_INFORMATION_FORMAT = dwarf;
				ENABLE_STRICT_OBJC_MSGSEND = YES;
				ENABLE_TESTABILITY = YES;
				GCC_C_LANGUAGE_STANDARD = gnu99;
				GCC_DYNAMIC_NO_PIC = NO;
				GCC_NO_COMMON_BLOCKS = YES;
				GCC_OPTIMIZATION_LEVEL = 0;
				GCC_PREPROCESSOR_DEFINITIONS = (
					"DEBUG=1",
					"$(inherited)",
				);
				GCC_WARN_64_TO_32_BIT_CONVERSION = YES;
				GCC_WARN_ABOUT_RETURN_TYPE = YES_ERROR;
				GCC_WARN_UNDECLARED_SELECTOR = YES;
				GCC_WARN_UNINITIALIZED_AUTOS = YES_AGGRESSIVE;
				GCC_WARN_UNUSED_FUNCTION = YES;
				GCC_WARN_UNUSED_VARIABLE = YES;
				IPHONEOS_DEPLOYMENT_TARGET = 9.3;
				MTL_ENABLE_DEBUG_INFO = YES;
				ONLY_ACTIVE_ARCH = YES;
				SDKROOT = iphoneos;
				TARGETED_DEVICE_FAMILY = "1,2";
			};
			name = Debug;
		};
		1C509E981C5BFCE60010FD4B /* Release */ = {
			isa = XCBuildConfiguration;
			buildSettings = {
				ALWAYS_SEARCH_USER_PATHS = NO;
				CLANG_CXX_LANGUAGE_STANDARD = "gnu++0x";
				CLANG_CXX_LIBRARY = "libc++";
				CLANG_ENABLE_MODULES = YES;
				CLANG_ENABLE_OBJC_ARC = YES;
				CLANG_WARN_BOOL_CONVERSION = YES;
				CLANG_WARN_CONSTANT_CONVERSION = YES;
				CLANG_WARN_DIRECT_OBJC_ISA_USAGE = YES_ERROR;
				CLANG_WARN_EMPTY_BODY = YES;
				CLANG_WARN_ENUM_CONVERSION = YES;
				CLANG_WARN_INT_CONVERSION = YES;
				CLANG_WARN_OBJC_ROOT_CLASS = YES_ERROR;
				CLANG_WARN_UNREACHABLE_CODE = YES;
				CLANG_WARN__DUPLICATE_METHOD_MATCH = YES;
				"CODE_SIGN_IDENTITY[sdk=iphoneos*]" = "iPhone Developer";
				COPY_PHASE_STRIP = NO;
				DEBUG_INFORMATION_FORMAT = "dwarf-with-dsym";
				ENABLE_NS_ASSERTIONS = NO;
				ENABLE_STRICT_OBJC_MSGSEND = YES;
				GCC_C_LANGUAGE_STANDARD = gnu99;
				GCC_NO_COMMON_BLOCKS = YES;
				GCC_WARN_64_TO_32_BIT_CONVERSION = YES;
				GCC_WARN_ABOUT_RETURN_TYPE = YES_ERROR;
				GCC_WARN_UNDECLARED_SELECTOR = YES;
				GCC_WARN_UNINITIALIZED_AUTOS = YES_AGGRESSIVE;
				GCC_WARN_UNUSED_FUNCTION = YES;
				GCC_WARN_UNUSED_VARIABLE = YES;
				IPHONEOS_DEPLOYMENT_TARGET = 9.3;
				MTL_ENABLE_DEBUG_INFO = NO;
				SDKROOT = iphoneos;
				TARGETED_DEVICE_FAMILY = "1,2";
				VALIDATE_PRODUCT = YES;
			};
			name = Release;
		};
		1C509E9A1C5BFCE60010FD4B /* Debug */ = {
			isa = XCBuildConfiguration;
			buildSettings = {
				ASSETCATALOG_COMPILER_APPICON_NAME = AppIcon;
				INFOPLIST_FILE = "Pie Chart Avatar/Info.plist";
				LD_RUNPATH_SEARCH_PATHS = "$(inherited) @executable_path/Frameworks";
				PRODUCT_BUNDLE_IDENTIFIER = "com.redonkulousapps.Pie-Chart-Avatar";
				PRODUCT_NAME = "$(TARGET_NAME)";
			};
			name = Debug;
		};
		1C509E9B1C5BFCE60010FD4B /* Release */ = {
			isa = XCBuildConfiguration;
			buildSettings = {
				ASSETCATALOG_COMPILER_APPICON_NAME = AppIcon;
				INFOPLIST_FILE = "Pie Chart Avatar/Info.plist";
				LD_RUNPATH_SEARCH_PATHS = "$(inherited) @executable_path/Frameworks";
				PRODUCT_BUNDLE_IDENTIFIER = "com.redonkulousapps.Pie-Chart-Avatar";
				PRODUCT_NAME = "$(TARGET_NAME)";
			};
			name = Release;
		};
		1C509E9D1C5BFCE60010FD4B /* Debug */ = {
			isa = XCBuildConfiguration;
			buildSettings = {
				BUNDLE_LOADER = "$(TEST_HOST)";
				INFOPLIST_FILE = "Pie Chart AvatarTests/Info.plist";
				LD_RUNPATH_SEARCH_PATHS = "$(inherited) @executable_path/Frameworks @loader_path/Frameworks";
				PRODUCT_BUNDLE_IDENTIFIER = "com.redonkulousapps.Pie-Chart-AvatarTests";
				PRODUCT_NAME = "$(TARGET_NAME)";
				TEST_HOST = "$(BUILT_PRODUCTS_DIR)/Pie Chart Avatar.app/Pie Chart Avatar";
			};
			name = Debug;
		};
		1C509E9E1C5BFCE60010FD4B /* Release */ = {
			isa = XCBuildConfiguration;
			buildSettings = {
				BUNDLE_LOADER = "$(TEST_HOST)";
				INFOPLIST_FILE = "Pie Chart AvatarTests/Info.plist";
				LD_RUNPATH_SEARCH_PATHS = "$(inherited) @executable_path/Frameworks @loader_path/Frameworks";
				PRODUCT_BUNDLE_IDENTIFIER = "com.redonkulousapps.Pie-Chart-AvatarTests";
				PRODUCT_NAME = "$(TARGET_NAME)";
				TEST_HOST = "$(BUILT_PRODUCTS_DIR)/Pie Chart Avatar.app/Pie Chart Avatar";
			};
			name = Release;
		};
		1C509EA01C5BFCE60010FD4B /* Debug */ = {
			isa = XCBuildConfiguration;
			buildSettings = {
				INFOPLIST_FILE = "Pie Chart AvatarUITests/Info.plist";
				LD_RUNPATH_SEARCH_PATHS = "$(inherited) @executable_path/Frameworks @loader_path/Frameworks";
				PRODUCT_BUNDLE_IDENTIFIER = "com.redonkulousapps.Pie-Chart-AvatarUITests";
				PRODUCT_NAME = "$(TARGET_NAME)";
				TEST_TARGET_NAME = "Pie Chart Avatar";
			};
			name = Debug;
		};
		1C509EA11C5BFCE60010FD4B /* Release */ = {
			isa = XCBuildConfiguration;
			buildSettings = {
				INFOPLIST_FILE = "Pie Chart AvatarUITests/Info.plist";
				LD_RUNPATH_SEARCH_PATHS = "$(inherited) @executable_path/Frameworks @loader_path/Frameworks";
				PRODUCT_BUNDLE_IDENTIFIER = "com.redonkulousapps.Pie-Chart-AvatarUITests";
				PRODUCT_NAME = "$(TARGET_NAME)";
				TEST_TARGET_NAME = "Pie Chart Avatar";
			};
			name = Release;
		};
/* End XCBuildConfiguration section */

/* Begin XCConfigurationList section */
		1C509E671C5BFCE60010FD4B /* Build configuration list for PBXProject "Pie Chart Avatar" */ = {
			isa = XCConfigurationList;
			buildConfigurations = (
				1C509E971C5BFCE60010FD4B /* Debug */,
				1C509E981C5BFCE60010FD4B /* Release */,
			);
			defaultConfigurationIsVisible = 0;
			defaultConfigurationName = Release;
		};
		1C509E991C5BFCE60010FD4B /* Build configuration list for PBXNativeTarget "Pie Chart Avatar" */ = {
			isa = XCConfigurationList;
			buildConfigurations = (
				1C509E9A1C5BFCE60010FD4B /* Debug */,
				1C509E9B1C5BFCE60010FD4B /* Release */,
			);
			defaultConfigurationIsVisible = 0;
			defaultConfigurationName = Release;
		};
		1C509E9C1C5BFCE60010FD4B /* Build configuration list for PBXNativeTarget "Pie Chart AvatarTests" */ = {
			isa = XCConfigurationList;
			buildConfigurations = (
				1C509E9D1C5BFCE60010FD4B /* Debug */,
				1C509E9E1C5BFCE60010FD4B /* Release */,
			);
			defaultConfigurationIsVisible = 0;
			defaultConfigurationName = Release;
		};
		1C509E9F1C5BFCE60010FD4B /* Build configuration list for PBXNativeTarget "Pie Chart AvatarUITests" */ = {
			isa = XCConfigurationList;
			buildConfigurations = (
				1C509EA01C5BFCE60010FD4B /* Debug */,
				1C509EA11C5BFCE60010FD4B /* Release */,
			);
			defaultConfigurationIsVisible = 0;
			defaultConfigurationName = Release;
		};
/* End XCConfigurationList section */
	};
	rootObject = 1C509E641C5BFCE60010FD4B /* Project object */;
}
